
Microsoft Visual Studio Solution File, Format Version 12.00
# Visual Studio Version 17
VisualStudioVersion = 17.14.36127.28 d17.14
MinimumVisualStudioVersion = 10.0.40219.1
Project("{FAE04EC0-301F-11D3-BF4B-00C04F79EFBC}") = "InTouch.MVC", "InTouch.MVC\InTouch.MVC.csproj", "{104EBF6B-5E0A-49B3-A04A-565BFB9A1EA0}"
EndProject
Global
	GlobalSection(SolutionConfigurationPlatforms) = preSolution
		Debug|Any CPU = Debug|Any CPU
		Release|Any CPU = Release|Any CPU
	EndGlobalSection
	GlobalSection(ProjectConfigurationPlatforms) = postSolution
		{104EBF6B-5E0A-49B3-A04A-565BFB9A1EA0}.Debug|Any CPU.ActiveCfg = Debug|Any CPU
		{104EBF6B-5E0A-49B3-A04A-565BFB9A1EA0}.Debug|Any CPU.Build.0 = Debug|Any CPU
		{104EBF6B-5E0A-49B3-A04A-565BFB9A1EA0}.Release|Any CPU.ActiveCfg = Release|Any CPU
		{104EBF6B-5E0A-49B3-A04A-565BFB9A1EA0}.Release|Any CPU.Build.0 = Release|Any CPU
	EndGlobalSection
	GlobalSection(SolutionProperties) = preSolution
		HideSolutionNode = FALSE
	EndGlobalSection
	GlobalSection(ExtensibilityGlobals) = postSolution
		SolutionGuid = {83BC4810-F007-4F5A-AC51-3AEA2C1DDB8B}
	EndGlobalSection
EndGlobal
